// !$*UTF8*$!
{
	archiveVersion = 1;
	classes = {
	};
	objectVersion = 46;
	objects = {

/* Begin PBXBuildFile section */
		5910EDD416E8DCD00031656B /* cold.png in Resources */ = {isa = PBXBuildFile; fileRef = 5910EDD316E8DCD00031656B /* cold.png */; };
		5910EDDD16E8E2A60031656B /* SystemConfiguration.framework in Frameworks */ = {isa = PBXBuildFile; fileRef = 5910EDDC16E8E2A60031656B /* SystemConfiguration.framework */; };
		5928B52017A167C600B68068 /* Default.png in Resources */ = {isa = PBXBuildFile; fileRef = 5928B51F17A167C600B68068 /* Default.png */; };
		5928B52217A167C900B68068 /* Default@2x.png in Resources */ = {isa = PBXBuildFile; fileRef = 5928B52117A167C900B68068 /* Default@2x.png */; };
		5928B52417A167CB00B68068 /* Default-568h@2x.png in Resources */ = {isa = PBXBuildFile; fileRef = 5928B52317A167CB00B68068 /* Default-568h@2x.png */; };
		5928B52817A170F500B68068 /* Historical_Controller.m in Sources */ = {isa = PBXBuildFile; fileRef = 5928B52617A170F500B68068 /* Historical_Controller.m */; };
		5928B52917A170F500B68068 /* Historical_Controller.xib in Resources */ = {isa = PBXBuildFile; fileRef = 5928B52717A170F500B68068 /* Historical_Controller.xib */; };
		595AE40517B19DB50095F511 /* FUIAlertView.m in Sources */ = {isa = PBXBuildFile; fileRef = 595AE3E217B19DB50095F511 /* FUIAlertView.m */; };
		595AE40617B19DB50095F511 /* FUIButton.m in Sources */ = {isa = PBXBuildFile; fileRef = 595AE3E417B19DB50095F511 /* FUIButton.m */; };
		595AE40717B19DB50095F511 /* FUICellBackgroundView.m in Sources */ = {isa = PBXBuildFile; fileRef = 595AE3E617B19DB50095F511 /* FUICellBackgroundView.m */; };
		595AE40817B19DB50095F511 /* FUIPopoverBackgroundView.m in Sources */ = {isa = PBXBuildFile; fileRef = 595AE3E817B19DB50095F511 /* FUIPopoverBackgroundView.m */; };
		595AE40917B19DB50095F511 /* FUISegmentedControl.m in Sources */ = {isa = PBXBuildFile; fileRef = 595AE3EA17B19DB50095F511 /* FUISegmentedControl.m */; };
		595AE40A17B19DB50095F511 /* FUISwitch.m in Sources */ = {isa = PBXBuildFile; fileRef = 595AE3EC17B19DB50095F511 /* FUISwitch.m */; };
		595AE40B17B19DB50095F511 /* UIBarButtonItem+FlatUI.m in Sources */ = {isa = PBXBuildFile; fileRef = 595AE3EE17B19DB50095F511 /* UIBarButtonItem+FlatUI.m */; };
		595AE40C17B19DB50095F511 /* UIColor+FlatUI.m in Sources */ = {isa = PBXBuildFile; fileRef = 595AE3F017B19DB50095F511 /* UIColor+FlatUI.m */; };
		595AE40D17B19DB50095F511 /* UIFont+FlatUI.m in Sources */ = {isa = PBXBuildFile; fileRef = 595AE3F217B19DB50095F511 /* UIFont+FlatUI.m */; };
		595AE40E17B19DB50095F511 /* UIImage+FlatUI.m in Sources */ = {isa = PBXBuildFile; fileRef = 595AE3F417B19DB50095F511 /* UIImage+FlatUI.m */; };
		595AE40F17B19DB50095F511 /* UINavigationBar+FlatUI.m in Sources */ = {isa = PBXBuildFile; fileRef = 595AE3F617B19DB50095F511 /* UINavigationBar+FlatUI.m */; };
		595AE41017B19DB50095F511 /* UIPopoverController+FlatUI.m in Sources */ = {isa = PBXBuildFile; fileRef = 595AE3F817B19DB50095F511 /* UIPopoverController+FlatUI.m */; };
		595AE41117B19DB50095F511 /* UIProgressView+FlatUI.m in Sources */ = {isa = PBXBuildFile; fileRef = 595AE3FA17B19DB50095F511 /* UIProgressView+FlatUI.m */; };
		595AE41217B19DB50095F511 /* UISlider+FlatUI.m in Sources */ = {isa = PBXBuildFile; fileRef = 595AE3FC17B19DB50095F511 /* UISlider+FlatUI.m */; };
		595AE41317B19DB50095F511 /* UIStepper+FlatUI.m in Sources */ = {isa = PBXBuildFile; fileRef = 595AE3FE17B19DB50095F511 /* UIStepper+FlatUI.m */; };
		595AE41417B19DB50095F511 /* UITabBar+FlatUI.m in Sources */ = {isa = PBXBuildFile; fileRef = 595AE40017B19DB50095F511 /* UITabBar+FlatUI.m */; };
		595AE41517B19DB50095F511 /* UITableViewCell+FlatUI.m in Sources */ = {isa = PBXBuildFile; fileRef = 595AE40217B19DB50095F511 /* UITableViewCell+FlatUI.m */; };
		595AE41617B19DB50095F511 /* UIToolbar+FlatUI.m in Sources */ = {isa = PBXBuildFile; fileRef = 595AE40417B19DB50095F511 /* UIToolbar+FlatUI.m */; };
		595AE41817B19E4C0095F511 /* CoreText.framework in Frameworks */ = {isa = PBXBuildFile; fileRef = 595AE41717B19E4C0095F511 /* CoreText.framework */; };
		595AE41A17B1A1630095F511 /* Settings_Controller.xib in Resources */ = {isa = PBXBuildFile; fileRef = 595AE41917B1A1630095F511 /* Settings_Controller.xib */; };
		59745E7C17B29E2A001F4642 /* Graph_Controller.m in Sources */ = {isa = PBXBuildFile; fileRef = 59745E7A17B29E2A001F4642 /* Graph_Controller.m */; };
		59745E7D17B29E2A001F4642 /* Graph_Controller.xib in Resources */ = {isa = PBXBuildFile; fileRef = 59745E7B17B29E2A001F4642 /* Graph_Controller.xib */; };
		597B846916DC2C3F0062AC2E /* icon.png in Resources */ = {isa = PBXBuildFile; fileRef = 597B846816DC2C3F0062AC2E /* icon.png */; };
		597B846B16DC2C420062AC2E /* icon@2x.png in Resources */ = {isa = PBXBuildFile; fileRef = 597B846A16DC2C420062AC2E /* icon@2x.png */; };
		598B27B016E63DE10073A7FF /* rain.png in Resources */ = {isa = PBXBuildFile; fileRef = 598B27AF16E63DE10073A7FF /* rain.png */; };
		59A265E616BAB6D4004FD86A /* UIKit.framework in Frameworks */ = {isa = PBXBuildFile; fileRef = 59A265E516BAB6D4004FD86A /* UIKit.framework */; };
		59A265E816BAB6D4004FD86A /* Foundation.framework in Frameworks */ = {isa = PBXBuildFile; fileRef = 59A265E716BAB6D4004FD86A /* Foundation.framework */; };
		59A265EA16BAB6D4004FD86A /* CoreGraphics.framework in Frameworks */ = {isa = PBXBuildFile; fileRef = 59A265E916BAB6D4004FD86A /* CoreGraphics.framework */; };
		59A265F016BAB6D4004FD86A /* InfoPlist.strings in Resources */ = {isa = PBXBuildFile; fileRef = 59A265EE16BAB6D4004FD86A /* InfoPlist.strings */; };
		59A265F216BAB6D4004FD86A /* main.m in Sources */ = {isa = PBXBuildFile; fileRef = 59A265F116BAB6D4004FD86A /* main.m */; };
		59A265F616BAB6D4004FD86A /* AppDelegate.m in Sources */ = {isa = PBXBuildFile; fileRef = 59A265F516BAB6D4004FD86A /* AppDelegate.m */; };
		59A265FF16BAB6D4004FD86A /* CurrentWeather_Controller.m in Sources */ = {isa = PBXBuildFile; fileRef = 59A265FE16BAB6D4004FD86A /* CurrentWeather_Controller.m */; };
		59A2660616BAB6D4004FD86A /* About_Controller.m in Sources */ = {isa = PBXBuildFile; fileRef = 59A2660516BAB6D4004FD86A /* About_Controller.m */; };
		59A2660D16BAB6D4004FD86A /* CurrentWeather_Controller.xib in Resources */ = {isa = PBXBuildFile; fileRef = 59A2660B16BAB6D4004FD86A /* CurrentWeather_Controller.xib */; };
		59A2661016BAB6D4004FD86A /* About_Controller.xib in Resources */ = {isa = PBXBuildFile; fileRef = 59A2660E16BAB6D4004FD86A /* About_Controller.xib */; };
		59A2661E16BAB822004FD86A /* Weather.m in Sources */ = {isa = PBXBuildFile; fileRef = 59A2661D16BAB822004FD86A /* Weather.m */; };
		59A2662116BAB9DE004FD86A /* DTG_WeatherStation.m in Sources */ = {isa = PBXBuildFile; fileRef = 59A2662016BAB9DE004FD86A /* DTG_WeatherStation.m */; };
		59A595DF16DBC50B00C3A311 /* tab_settings.png in Resources */ = {isa = PBXBuildFile; fileRef = 59A595DE16DBC50B00C3A311 /* tab_settings.png */; };
		59A595E516DBC68500C3A311 /* tab_about.png in Resources */ = {isa = PBXBuildFile; fileRef = 59A595E416DBC68500C3A311 /* tab_about.png */; };
		59A595E716DBC70F00C3A311 /* tab_cloud.png in Resources */ = {isa = PBXBuildFile; fileRef = 59A595E616DBC70F00C3A311 /* tab_cloud.png */; };
		59AFA25D16D98590000E8EA6 /* bg_clouds.png in Resources */ = {isa = PBXBuildFile; fileRef = 59AFA25C16D98590000E8EA6 /* bg_clouds.png */; };
		59AFA25F16D98646000E8EA6 /* bg_about.png in Resources */ = {isa = PBXBuildFile; fileRef = 59AFA25E16D98646000E8EA6 /* bg_about.png */; };
		59AFA26116D98A9F000E8EA6 /* MapKit.framework in Frameworks */ = {isa = PBXBuildFile; fileRef = 59AFA26016D98A9F000E8EA6 /* MapKit.framework */; };
		59AFA26316DA5EF8000E8EA6 /* arrow_up.png in Resources */ = {isa = PBXBuildFile; fileRef = 59AFA26216DA5EF8000E8EA6 /* arrow_up.png */; };
		59AFA26516DA5F75000E8EA6 /* arrow_down.png in Resources */ = {isa = PBXBuildFile; fileRef = 59AFA26416DA5F75000E8EA6 /* arrow_down.png */; };
		59C4218016DA945500491C53 /* CoreLocation.framework in Frameworks */ = {isa = PBXBuildFile; fileRef = 59C4217F16DA945500491C53 /* CoreLocation.framework */; };
		59C4218416DA972D00491C53 /* Settings_Controller.m in Sources */ = {isa = PBXBuildFile; fileRef = 59C4218216DA972D00491C53 /* Settings_Controller.m */; };
		59DE698716BD7EC7005060F7 /* QuartzCore.framework in Frameworks */ = {isa = PBXBuildFile; fileRef = 59DE698616BD7EC7005060F7 /* QuartzCore.framework */; };
		59EF6C0C16BDDC57003A5129 /* PopupChart_ControllerViewController.xib in Resources */ = {isa = PBXBuildFile; fileRef = 59EF6C0A16BDDC57003A5129 /* PopupChart_ControllerViewController.xib */; };
/* End PBXBuildFile section */

/* Begin PBXFileReference section */
		5910EDD316E8DCD00031656B /* cold.png */ = {isa = PBXFileReference; lastKnownFileType = image.png; path = cold.png; sourceTree = "<group>"; };
		5910EDDC16E8E2A60031656B /* SystemConfiguration.framework */ = {isa = PBXFileReference; lastKnownFileType = wrapper.framework; name = SystemConfiguration.framework; path = System/Library/Frameworks/SystemConfiguration.framework; sourceTree = SDKROOT; };
		5928B51F17A167C600B68068 /* Default.png */ = {isa = PBXFileReference; lastKnownFileType = image.png; path = Default.png; sourceTree = "<group>"; };
		5928B52117A167C900B68068 /* Default@2x.png */ = {isa = PBXFileReference; lastKnownFileType = image.png; path = "Default@2x.png"; sourceTree = "<group>"; };
		5928B52317A167CB00B68068 /* Default-568h@2x.png */ = {isa = PBXFileReference; lastKnownFileType = image.png; path = "Default-568h@2x.png"; sourceTree = "<group>"; };
		5928B52517A170F500B68068 /* Historical_Controller.h */ = {isa = PBXFileReference; fileEncoding = 4; lastKnownFileType = sourcecode.c.h; path = Historical_Controller.h; sourceTree = "<group>"; };
		5928B52617A170F500B68068 /* Historical_Controller.m */ = {isa = PBXFileReference; fileEncoding = 4; lastKnownFileType = sourcecode.c.objc; path = Historical_Controller.m; sourceTree = "<group>"; };
		5928B52717A170F500B68068 /* Historical_Controller.xib */ = {isa = PBXFileReference; fileEncoding = 4; lastKnownFileType = file.xib; path = Historical_Controller.xib; sourceTree = "<group>"; };
		595AE3E017B19DB50095F511 /* FlatUIKit.h */ = {isa = PBXFileReference; fileEncoding = 4; lastKnownFileType = sourcecode.c.h; name = FlatUIKit.h; path = FlatUIKit/Classes/ios/FlatUIKit.h; sourceTree = SOURCE_ROOT; };
		595AE3E117B19DB50095F511 /* FUIAlertView.h */ = {isa = PBXFileReference; fileEncoding = 4; lastKnownFileType = sourcecode.c.h; name = FUIAlertView.h; path = FlatUIKit/Classes/ios/FUIAlertView.h; sourceTree = SOURCE_ROOT; };
		595AE3E217B19DB50095F511 /* FUIAlertView.m */ = {isa = PBXFileReference; fileEncoding = 4; lastKnownFileType = sourcecode.c.objc; name = FUIAlertView.m; path = FlatUIKit/Classes/ios/FUIAlertView.m; sourceTree = SOURCE_ROOT; };
		595AE3E317B19DB50095F511 /* FUIButton.h */ = {isa = PBXFileReference; fileEncoding = 4; lastKnownFileType = sourcecode.c.h; name = FUIButton.h; path = FlatUIKit/Classes/ios/FUIButton.h; sourceTree = SOURCE_ROOT; };
		595AE3E417B19DB50095F511 /* FUIButton.m */ = {isa = PBXFileReference; fileEncoding = 4; lastKnownFileType = sourcecode.c.objc; name = FUIButton.m; path = FlatUIKit/Classes/ios/FUIButton.m; sourceTree = SOURCE_ROOT; };
		595AE3E517B19DB50095F511 /* FUICellBackgroundView.h */ = {isa = PBXFileReference; fileEncoding = 4; lastKnownFileType = sourcecode.c.h; name = FUICellBackgroundView.h; path = FlatUIKit/Classes/ios/FUICellBackgroundView.h; sourceTree = SOURCE_ROOT; };
		595AE3E617B19DB50095F511 /* FUICellBackgroundView.m */ = {isa = PBXFileReference; fileEncoding = 4; lastKnownFileType = sourcecode.c.objc; name = FUICellBackgroundView.m; path = FlatUIKit/Classes/ios/FUICellBackgroundView.m; sourceTree = SOURCE_ROOT; };
		595AE3E717B19DB50095F511 /* FUIPopoverBackgroundView.h */ = {isa = PBXFileReference; fileEncoding = 4; lastKnownFileType = sourcecode.c.h; name = FUIPopoverBackgroundView.h; path = FlatUIKit/Classes/ios/FUIPopoverBackgroundView.h; sourceTree = SOURCE_ROOT; };
		595AE3E817B19DB50095F511 /* FUIPopoverBackgroundView.m */ = {isa = PBXFileReference; fileEncoding = 4; lastKnownFileType = sourcecode.c.objc; name = FUIPopoverBackgroundView.m; path = FlatUIKit/Classes/ios/FUIPopoverBackgroundView.m; sourceTree = SOURCE_ROOT; };
		595AE3E917B19DB50095F511 /* FUISegmentedControl.h */ = {isa = PBXFileReference; fileEncoding = 4; lastKnownFileType = sourcecode.c.h; name = FUISegmentedControl.h; path = FlatUIKit/Classes/ios/FUISegmentedControl.h; sourceTree = SOURCE_ROOT; };
		595AE3EA17B19DB50095F511 /* FUISegmentedControl.m */ = {isa = PBXFileReference; fileEncoding = 4; lastKnownFileType = sourcecode.c.objc; name = FUISegmentedControl.m; path = FlatUIKit/Classes/ios/FUISegmentedControl.m; sourceTree = SOURCE_ROOT; };
		595AE3EB17B19DB50095F511 /* FUISwitch.h */ = {isa = PBXFileReference; fileEncoding = 4; lastKnownFileType = sourcecode.c.h; name = FUISwitch.h; path = FlatUIKit/Classes/ios/FUISwitch.h; sourceTree = SOURCE_ROOT; };
		595AE3EC17B19DB50095F511 /* FUISwitch.m */ = {isa = PBXFileReference; fileEncoding = 4; lastKnownFileType = sourcecode.c.objc; name = FUISwitch.m; path = FlatUIKit/Classes/ios/FUISwitch.m; sourceTree = SOURCE_ROOT; };
		595AE3ED17B19DB50095F511 /* UIBarButtonItem+FlatUI.h */ = {isa = PBXFileReference; fileEncoding = 4; lastKnownFileType = sourcecode.c.h; name = "UIBarButtonItem+FlatUI.h"; path = "FlatUIKit/Classes/ios/UIBarButtonItem+FlatUI.h"; sourceTree = SOURCE_ROOT; };
		595AE3EE17B19DB50095F511 /* UIBarButtonItem+FlatUI.m */ = {isa = PBXFileReference; fileEncoding = 4; lastKnownFileType = sourcecode.c.objc; name = "UIBarButtonItem+FlatUI.m"; path = "FlatUIKit/Classes/ios/UIBarButtonItem+FlatUI.m"; sourceTree = SOURCE_ROOT; };
		595AE3EF17B19DB50095F511 /* UIColor+FlatUI.h */ = {isa = PBXFileReference; fileEncoding = 4; lastKnownFileType = sourcecode.c.h; name = "UIColor+FlatUI.h"; path = "FlatUIKit/Classes/ios/UIColor+FlatUI.h"; sourceTree = SOURCE_ROOT; };
		595AE3F017B19DB50095F511 /* UIColor+FlatUI.m */ = {isa = PBXFileReference; fileEncoding = 4; lastKnownFileType = sourcecode.c.objc; name = "UIColor+FlatUI.m"; path = "FlatUIKit/Classes/ios/UIColor+FlatUI.m"; sourceTree = SOURCE_ROOT; };
		595AE3F117B19DB50095F511 /* UIFont+FlatUI.h */ = {isa = PBXFileReference; fileEncoding = 4; lastKnownFileType = sourcecode.c.h; name = "UIFont+FlatUI.h"; path = "FlatUIKit/Classes/ios/UIFont+FlatUI.h"; sourceTree = SOURCE_ROOT; };
		595AE3F217B19DB50095F511 /* UIFont+FlatUI.m */ = {isa = PBXFileReference; fileEncoding = 4; lastKnownFileType = sourcecode.c.objc; name = "UIFont+FlatUI.m"; path = "FlatUIKit/Classes/ios/UIFont+FlatUI.m"; sourceTree = SOURCE_ROOT; };
		595AE3F317B19DB50095F511 /* UIImage+FlatUI.h */ = {isa = PBXFileReference; fileEncoding = 4; lastKnownFileType = sourcecode.c.h; name = "UIImage+FlatUI.h"; path = "FlatUIKit/Classes/ios/UIImage+FlatUI.h"; sourceTree = SOURCE_ROOT; };
		595AE3F417B19DB50095F511 /* UIImage+FlatUI.m */ = {isa = PBXFileReference; fileEncoding = 4; lastKnownFileType = sourcecode.c.objc; name = "UIImage+FlatUI.m"; path = "FlatUIKit/Classes/ios/UIImage+FlatUI.m"; sourceTree = SOURCE_ROOT; };
		595AE3F517B19DB50095F511 /* UINavigationBar+FlatUI.h */ = {isa = PBXFileReference; fileEncoding = 4; lastKnownFileType = sourcecode.c.h; name = "UINavigationBar+FlatUI.h"; path = "FlatUIKit/Classes/ios/UINavigationBar+FlatUI.h"; sourceTree = SOURCE_ROOT; };
		595AE3F617B19DB50095F511 /* UINavigationBar+FlatUI.m */ = {isa = PBXFileReference; fileEncoding = 4; lastKnownFileType = sourcecode.c.objc; name = "UINavigationBar+FlatUI.m"; path = "FlatUIKit/Classes/ios/UINavigationBar+FlatUI.m"; sourceTree = SOURCE_ROOT; };
		595AE3F717B19DB50095F511 /* UIPopoverController+FlatUI.h */ = {isa = PBXFileReference; fileEncoding = 4; lastKnownFileType = sourcecode.c.h; name = "UIPopoverController+FlatUI.h"; path = "FlatUIKit/Classes/ios/UIPopoverController+FlatUI.h"; sourceTree = SOURCE_ROOT; };
		595AE3F817B19DB50095F511 /* UIPopoverController+FlatUI.m */ = {isa = PBXFileReference; fileEncoding = 4; lastKnownFileType = sourcecode.c.objc; name = "UIPopoverController+FlatUI.m"; path = "FlatUIKit/Classes/ios/UIPopoverController+FlatUI.m"; sourceTree = SOURCE_ROOT; };
		595AE3F917B19DB50095F511 /* UIProgressView+FlatUI.h */ = {isa = PBXFileReference; fileEncoding = 4; lastKnownFileType = sourcecode.c.h; name = "UIProgressView+FlatUI.h"; path = "FlatUIKit/Classes/ios/UIProgressView+FlatUI.h"; sourceTree = SOURCE_ROOT; };
		595AE3FA17B19DB50095F511 /* UIProgressView+FlatUI.m */ = {isa = PBXFileReference; fileEncoding = 4; lastKnownFileType = sourcecode.c.objc; name = "UIProgressView+FlatUI.m"; path = "FlatUIKit/Classes/ios/UIProgressView+FlatUI.m"; sourceTree = SOURCE_ROOT; };
		595AE3FB17B19DB50095F511 /* UISlider+FlatUI.h */ = {isa = PBXFileReference; fileEncoding = 4; lastKnownFileType = sourcecode.c.h; name = "UISlider+FlatUI.h"; path = "FlatUIKit/Classes/ios/UISlider+FlatUI.h"; sourceTree = SOURCE_ROOT; };
		595AE3FC17B19DB50095F511 /* UISlider+FlatUI.m */ = {isa = PBXFileReference; fileEncoding = 4; lastKnownFileType = sourcecode.c.objc; name = "UISlider+FlatUI.m"; path = "FlatUIKit/Classes/ios/UISlider+FlatUI.m"; sourceTree = SOURCE_ROOT; };
		595AE3FD17B19DB50095F511 /* UIStepper+FlatUI.h */ = {isa = PBXFileReference; fileEncoding = 4; lastKnownFileType = sourcecode.c.h; name = "UIStepper+FlatUI.h"; path = "FlatUIKit/Classes/ios/UIStepper+FlatUI.h"; sourceTree = SOURCE_ROOT; };
		595AE3FE17B19DB50095F511 /* UIStepper+FlatUI.m */ = {isa = PBXFileReference; fileEncoding = 4; lastKnownFileType = sourcecode.c.objc; name = "UIStepper+FlatUI.m"; path = "FlatUIKit/Classes/ios/UIStepper+FlatUI.m"; sourceTree = SOURCE_ROOT; };
		595AE3FF17B19DB50095F511 /* UITabBar+FlatUI.h */ = {isa = PBXFileReference; fileEncoding = 4; lastKnownFileType = sourcecode.c.h; name = "UITabBar+FlatUI.h"; path = "FlatUIKit/Classes/ios/UITabBar+FlatUI.h"; sourceTree = SOURCE_ROOT; };
		595AE40017B19DB50095F511 /* UITabBar+FlatUI.m */ = {isa = PBXFileReference; fileEncoding = 4; lastKnownFileType = sourcecode.c.objc; name = "UITabBar+FlatUI.m"; path = "FlatUIKit/Classes/ios/UITabBar+FlatUI.m"; sourceTree = SOURCE_ROOT; };
		595AE40117B19DB50095F511 /* UITableViewCell+FlatUI.h */ = {isa = PBXFileReference; fileEncoding = 4; lastKnownFileType = sourcecode.c.h; name = "UITableViewCell+FlatUI.h"; path = "FlatUIKit/Classes/ios/UITableViewCell+FlatUI.h"; sourceTree = SOURCE_ROOT; };
		595AE40217B19DB50095F511 /* UITableViewCell+FlatUI.m */ = {isa = PBXFileReference; fileEncoding = 4; lastKnownFileType = sourcecode.c.objc; name = "UITableViewCell+FlatUI.m"; path = "FlatUIKit/Classes/ios/UITableViewCell+FlatUI.m"; sourceTree = SOURCE_ROOT; };
		595AE40317B19DB50095F511 /* UIToolbar+FlatUI.h */ = {isa = PBXFileReference; fileEncoding = 4; lastKnownFileType = sourcecode.c.h; name = "UIToolbar+FlatUI.h"; path = "FlatUIKit/Classes/ios/UIToolbar+FlatUI.h"; sourceTree = SOURCE_ROOT; };
		595AE40417B19DB50095F511 /* UIToolbar+FlatUI.m */ = {isa = PBXFileReference; fileEncoding = 4; lastKnownFileType = sourcecode.c.objc; name = "UIToolbar+FlatUI.m"; path = "FlatUIKit/Classes/ios/UIToolbar+FlatUI.m"; sourceTree = SOURCE_ROOT; };
		595AE41717B19E4C0095F511 /* CoreText.framework */ = {isa = PBXFileReference; lastKnownFileType = wrapper.framework; name = CoreText.framework; path = System/Library/Frameworks/CoreText.framework; sourceTree = SDKROOT; };
		595AE41917B1A1630095F511 /* Settings_Controller.xib */ = {isa = PBXFileReference; fileEncoding = 4; lastKnownFileType = file.xib; path = Settings_Controller.xib; sourceTree = "<group>"; };
		59745E7917B29E2A001F4642 /* Graph_Controller.h */ = {isa = PBXFileReference; fileEncoding = 4; lastKnownFileType = sourcecode.c.h; path = Graph_Controller.h; sourceTree = "<group>"; };
		59745E7A17B29E2A001F4642 /* Graph_Controller.m */ = {isa = PBXFileReference; fileEncoding = 4; lastKnownFileType = sourcecode.c.objc; path = Graph_Controller.m; sourceTree = "<group>"; };
		59745E7B17B29E2A001F4642 /* Graph_Controller.xib */ = {isa = PBXFileReference; fileEncoding = 4; lastKnownFileType = file.xib; path = Graph_Controller.xib; sourceTree = "<group>"; };
		597B846816DC2C3F0062AC2E /* icon.png */ = {isa = PBXFileReference; lastKnownFileType = image.png; path = icon.png; sourceTree = "<group>"; };
		597B846A16DC2C420062AC2E /* icon@2x.png */ = {isa = PBXFileReference; lastKnownFileType = image.png; path = "icon@2x.png"; sourceTree = "<group>"; };
		598B27AF16E63DE10073A7FF /* rain.png */ = {isa = PBXFileReference; lastKnownFileType = image.png; path = rain.png; sourceTree = "<group>"; };
		59A265E216BAB6D4004FD86A /* DTG Weather.app */ = {isa = PBXFileReference; explicitFileType = wrapper.application; includeInIndex = 0; path = "DTG Weather.app"; sourceTree = BUILT_PRODUCTS_DIR; };
		59A265E516BAB6D4004FD86A /* UIKit.framework */ = {isa = PBXFileReference; lastKnownFileType = wrapper.framework; name = UIKit.framework; path = System/Library/Frameworks/UIKit.framework; sourceTree = SDKROOT; };
		59A265E716BAB6D4004FD86A /* Foundation.framework */ = {isa = PBXFileReference; lastKnownFileType = wrapper.framework; name = Foundation.framework; path = System/Library/Frameworks/Foundation.framework; sourceTree = SDKROOT; };
		59A265E916BAB6D4004FD86A /* CoreGraphics.framework */ = {isa = PBXFileReference; lastKnownFileType = wrapper.framework; name = CoreGraphics.framework; path = System/Library/Frameworks/CoreGraphics.framework; sourceTree = SDKROOT; };
		59A265ED16BAB6D4004FD86A /* DTG_Weather-Info.plist */ = {isa = PBXFileReference; lastKnownFileType = text.plist.xml; path = "DTG_Weather-Info.plist"; sourceTree = "<group>"; };
		59A265EF16BAB6D4004FD86A /* en */ = {isa = PBXFileReference; lastKnownFileType = text.plist.strings; name = en; path = en.lproj/InfoPlist.strings; sourceTree = "<group>"; };
		59A265F116BAB6D4004FD86A /* main.m */ = {isa = PBXFileReference; lastKnownFileType = sourcecode.c.objc; path = main.m; sourceTree = "<group>"; };
		59A265F316BAB6D4004FD86A /* DTG_Weather-Prefix.pch */ = {isa = PBXFileReference; lastKnownFileType = sourcecode.c.h; path = "DTG_Weather-Prefix.pch"; sourceTree = "<group>"; };
		59A265F416BAB6D4004FD86A /* AppDelegate.h */ = {isa = PBXFileReference; lastKnownFileType = sourcecode.c.h; path = AppDelegate.h; sourceTree = "<group>"; };
		59A265F516BAB6D4004FD86A /* AppDelegate.m */ = {isa = PBXFileReference; lastKnownFileType = sourcecode.c.objc; path = AppDelegate.m; sourceTree = "<group>"; };
		59A265FD16BAB6D4004FD86A /* CurrentWeather_Controller.h */ = {isa = PBXFileReference; lastKnownFileType = sourcecode.c.h; path = CurrentWeather_Controller.h; sourceTree = "<group>"; };
		59A265FE16BAB6D4004FD86A /* CurrentWeather_Controller.m */ = {isa = PBXFileReference; lastKnownFileType = sourcecode.c.objc; path = CurrentWeather_Controller.m; sourceTree = "<group>"; };
		59A2660416BAB6D4004FD86A /* About_Controller.h */ = {isa = PBXFileReference; lastKnownFileType = sourcecode.c.h; path = About_Controller.h; sourceTree = "<group>"; };
		59A2660516BAB6D4004FD86A /* About_Controller.m */ = {isa = PBXFileReference; lastKnownFileType = sourcecode.c.objc; path = About_Controller.m; sourceTree = "<group>"; };
		59A2660C16BAB6D4004FD86A /* en */ = {isa = PBXFileReference; lastKnownFileType = file.xib; name = en; path = en.lproj/CurrentWeather_Controller.xib; sourceTree = "<group>"; };
		59A2660F16BAB6D4004FD86A /* en */ = {isa = PBXFileReference; lastKnownFileType = file.xib; name = en; path = en.lproj/About_Controller.xib; sourceTree = "<group>"; };
		59A2661A16BAB75B004FD86A /* WeatherStation_Connection.h */ = {isa = PBXFileReference; fileEncoding = 4; lastKnownFileType = sourcecode.c.h; path = WeatherStation_Connection.h; sourceTree = "<group>"; };
		59A2661C16BAB822004FD86A /* Weather.h */ = {isa = PBXFileReference; fileEncoding = 4; lastKnownFileType = sourcecode.c.h; path = Weather.h; sourceTree = "<group>"; };
		59A2661D16BAB822004FD86A /* Weather.m */ = {isa = PBXFileReference; fileEncoding = 4; lastKnownFileType = sourcecode.c.objc; path = Weather.m; sourceTree = "<group>"; };
		59A2661F16BAB9DE004FD86A /* DTG_WeatherStation.h */ = {isa = PBXFileReference; fileEncoding = 4; lastKnownFileType = sourcecode.c.h; path = DTG_WeatherStation.h; sourceTree = "<group>"; };
		59A2662016BAB9DE004FD86A /* DTG_WeatherStation.m */ = {isa = PBXFileReference; fileEncoding = 4; lastKnownFileType = sourcecode.c.objc; path = DTG_WeatherStation.m; sourceTree = "<group>"; };
		59A595DE16DBC50B00C3A311 /* tab_settings.png */ = {isa = PBXFileReference; lastKnownFileType = image.png; path = tab_settings.png; sourceTree = "<group>"; };
		59A595E416DBC68500C3A311 /* tab_about.png */ = {isa = PBXFileReference; lastKnownFileType = image.png; path = tab_about.png; sourceTree = "<group>"; };
		59A595E616DBC70F00C3A311 /* tab_cloud.png */ = {isa = PBXFileReference; lastKnownFileType = image.png; path = tab_cloud.png; sourceTree = "<group>"; };
		59AFA25C16D98590000E8EA6 /* bg_clouds.png */ = {isa = PBXFileReference; lastKnownFileType = image.png; path = bg_clouds.png; sourceTree = "<group>"; };
		59AFA25E16D98646000E8EA6 /* bg_about.png */ = {isa = PBXFileReference; lastKnownFileType = image.png; path = bg_about.png; sourceTree = "<group>"; };
		59AFA26016D98A9F000E8EA6 /* MapKit.framework */ = {isa = PBXFileReference; lastKnownFileType = wrapper.framework; name = MapKit.framework; path = System/Library/Frameworks/MapKit.framework; sourceTree = SDKROOT; };
		59AFA26216DA5EF8000E8EA6 /* arrow_up.png */ = {isa = PBXFileReference; lastKnownFileType = image.png; path = arrow_up.png; sourceTree = "<group>"; };
		59AFA26416DA5F75000E8EA6 /* arrow_down.png */ = {isa = PBXFileReference; lastKnownFileType = image.png; path = arrow_down.png; sourceTree = "<group>"; };
		59C4217F16DA945500491C53 /* CoreLocation.framework */ = {isa = PBXFileReference; lastKnownFileType = wrapper.framework; name = CoreLocation.framework; path = System/Library/Frameworks/CoreLocation.framework; sourceTree = SDKROOT; };
		59C4218116DA972D00491C53 /* Settings_Controller.h */ = {isa = PBXFileReference; fileEncoding = 4; lastKnownFileType = sourcecode.c.h; path = Settings_Controller.h; sourceTree = "<group>"; };
		59C4218216DA972D00491C53 /* Settings_Controller.m */ = {isa = PBXFileReference; fileEncoding = 4; lastKnownFileType = sourcecode.c.objc; path = Settings_Controller.m; sourceTree = "<group>"; };
		59DE698616BD7EC7005060F7 /* QuartzCore.framework */ = {isa = PBXFileReference; lastKnownFileType = wrapper.framework; name = QuartzCore.framework; path = System/Library/Frameworks/QuartzCore.framework; sourceTree = SDKROOT; };
		59EF6C0A16BDDC57003A5129 /* PopupChart_ControllerViewController.xib */ = {isa = PBXFileReference; fileEncoding = 4; lastKnownFileType = file.xib; path = PopupChart_ControllerViewController.xib; sourceTree = "<group>"; };
/* End PBXFileReference section */

/* Begin PBXFrameworksBuildPhase section */
		59A265DF16BAB6D4004FD86A /* Frameworks */ = {
			isa = PBXFrameworksBuildPhase;
			buildActionMask = 2147483647;
			files = (
				595AE41817B19E4C0095F511 /* CoreText.framework in Frameworks */,
				5910EDDD16E8E2A60031656B /* SystemConfiguration.framework in Frameworks */,
				59C4218016DA945500491C53 /* CoreLocation.framework in Frameworks */,
				59AFA26116D98A9F000E8EA6 /* MapKit.framework in Frameworks */,
				59DE698716BD7EC7005060F7 /* QuartzCore.framework in Frameworks */,
				59A265E616BAB6D4004FD86A /* UIKit.framework in Frameworks */,
				59A265E816BAB6D4004FD86A /* Foundation.framework in Frameworks */,
				59A265EA16BAB6D4004FD86A /* CoreGraphics.framework in Frameworks */,
			);
			runOnlyForDeploymentPostprocessing = 0;
		};
/* End PBXFrameworksBuildPhase section */

/* Begin PBXGroup section */
		595AE3DF17B19DAB0095F511 /* FlatUIKit */ = {
			isa = PBXGroup;
			children = (
				595AE3E017B19DB50095F511 /* FlatUIKit.h */,
				595AE3E117B19DB50095F511 /* FUIAlertView.h */,
				595AE3E217B19DB50095F511 /* FUIAlertView.m */,
				595AE3E317B19DB50095F511 /* FUIButton.h */,
				595AE3E417B19DB50095F511 /* FUIButton.m */,
				595AE3E517B19DB50095F511 /* FUICellBackgroundView.h */,
				595AE3E617B19DB50095F511 /* FUICellBackgroundView.m */,
				595AE3E717B19DB50095F511 /* FUIPopoverBackgroundView.h */,
				595AE3E817B19DB50095F511 /* FUIPopoverBackgroundView.m */,
				595AE3E917B19DB50095F511 /* FUISegmentedControl.h */,
				595AE3EA17B19DB50095F511 /* FUISegmentedControl.m */,
				595AE3EB17B19DB50095F511 /* FUISwitch.h */,
				595AE3EC17B19DB50095F511 /* FUISwitch.m */,
				595AE3ED17B19DB50095F511 /* UIBarButtonItem+FlatUI.h */,
				595AE3EE17B19DB50095F511 /* UIBarButtonItem+FlatUI.m */,
				595AE3EF17B19DB50095F511 /* UIColor+FlatUI.h */,
				595AE3F017B19DB50095F511 /* UIColor+FlatUI.m */,
				595AE3F117B19DB50095F511 /* UIFont+FlatUI.h */,
				595AE3F217B19DB50095F511 /* UIFont+FlatUI.m */,
				595AE3F317B19DB50095F511 /* UIImage+FlatUI.h */,
				595AE3F417B19DB50095F511 /* UIImage+FlatUI.m */,
				595AE3F517B19DB50095F511 /* UINavigationBar+FlatUI.h */,
				595AE3F617B19DB50095F511 /* UINavigationBar+FlatUI.m */,
				595AE3F717B19DB50095F511 /* UIPopoverController+FlatUI.h */,
				595AE3F817B19DB50095F511 /* UIPopoverController+FlatUI.m */,
				595AE3F917B19DB50095F511 /* UIProgressView+FlatUI.h */,
				595AE3FA17B19DB50095F511 /* UIProgressView+FlatUI.m */,
				595AE3FB17B19DB50095F511 /* UISlider+FlatUI.h */,
				595AE3FC17B19DB50095F511 /* UISlider+FlatUI.m */,
				595AE3FD17B19DB50095F511 /* UIStepper+FlatUI.h */,
				595AE3FE17B19DB50095F511 /* UIStepper+FlatUI.m */,
				595AE3FF17B19DB50095F511 /* UITabBar+FlatUI.h */,
				595AE40017B19DB50095F511 /* UITabBar+FlatUI.m */,
				595AE40117B19DB50095F511 /* UITableViewCell+FlatUI.h */,
				595AE40217B19DB50095F511 /* UITableViewCell+FlatUI.m */,
				595AE40317B19DB50095F511 /* UIToolbar+FlatUI.h */,
				595AE40417B19DB50095F511 /* UIToolbar+FlatUI.m */,
			);
			name = FlatUIKit;
			sourceTree = "<group>";
		};
		59A265D916BAB6D4004FD86A = {
			isa = PBXGroup;
			children = (
				5928B52317A167CB00B68068 /* Default-568h@2x.png */,
				5928B52117A167C900B68068 /* Default@2x.png */,
				5928B51F17A167C600B68068 /* Default.png */,
				597B846A16DC2C420062AC2E /* icon@2x.png */,
				597B846816DC2C3F0062AC2E /* icon.png */,
				59A265EB16BAB6D4004FD86A /* DTG_Weather */,
				59A265E416BAB6D4004FD86A /* Frameworks */,
				59A265E316BAB6D4004FD86A /* Products */,
			);
			sourceTree = "<group>";
		};
		59A265E316BAB6D4004FD86A /* Products */ = {
			isa = PBXGroup;
			children = (
				59A265E216BAB6D4004FD86A /* DTG Weather.app */,
			);
			name = Products;
			sourceTree = "<group>";
		};
		59A265E416BAB6D4004FD86A /* Frameworks */ = {
			isa = PBXGroup;
			children = (
				595AE41717B19E4C0095F511 /* CoreText.framework */,
				5910EDDC16E8E2A60031656B /* SystemConfiguration.framework */,
				59C4217F16DA945500491C53 /* CoreLocation.framework */,
				59AFA26016D98A9F000E8EA6 /* MapKit.framework */,
				59DE698616BD7EC7005060F7 /* QuartzCore.framework */,
				59A265E516BAB6D4004FD86A /* UIKit.framework */,
				59A265E716BAB6D4004FD86A /* Foundation.framework */,
				59A265E916BAB6D4004FD86A /* CoreGraphics.framework */,
			);
			name = Frameworks;
			sourceTree = "<group>";
		};
		59A265EB16BAB6D4004FD86A /* DTG_Weather */ = {
			isa = PBXGroup;
			children = (
				595AE3DF17B19DAB0095F511 /* FlatUIKit */,
				59DE698016BD68EA005060F7 /* Controllers */,
				59DE696C16BD527B005060F7 /* Views */,
				59A2661B16BAB815004FD86A /* Models */,
				59A2661616BAB6DF004FD86A /* Connections */,
				59A265F416BAB6D4004FD86A /* AppDelegate.h */,
				59A265F516BAB6D4004FD86A /* AppDelegate.m */,
				59A265EC16BAB6D4004FD86A /* Supporting Files */,
			);
			path = DTG_Weather;
			sourceTree = "<group>";
		};
		59A265EC16BAB6D4004FD86A /* Supporting Files */ = {
			isa = PBXGroup;
			children = (
				59DE696D16BD52AB005060F7 /* Images */,
				59A265ED16BAB6D4004FD86A /* DTG_Weather-Info.plist */,
				59A265EE16BAB6D4004FD86A /* InfoPlist.strings */,
				59A265F116BAB6D4004FD86A /* main.m */,
				59A265F316BAB6D4004FD86A /* DTG_Weather-Prefix.pch */,
			);
			name = "Supporting Files";
			sourceTree = "<group>";
		};
		59A2661616BAB6DF004FD86A /* Connections */ = {
			isa = PBXGroup;
			children = (
				59A2661A16BAB75B004FD86A /* WeatherStation_Connection.h */,
				59A2661F16BAB9DE004FD86A /* DTG_WeatherStation.h */,
				59A2662016BAB9DE004FD86A /* DTG_WeatherStation.m */,
			);
			name = Connections;
			sourceTree = "<group>";
		};
		59A2661B16BAB815004FD86A /* Models */ = {
			isa = PBXGroup;
			children = (
				59A2661C16BAB822004FD86A /* Weather.h */,
				59A2661D16BAB822004FD86A /* Weather.m */,
			);
			name = Models;
			sourceTree = "<group>";
		};
		59DE696C16BD527B005060F7 /* Views */ = {
			isa = PBXGroup;
			children = (
				59A2660B16BAB6D4004FD86A /* CurrentWeather_Controller.xib */,
				59A2660E16BAB6D4004FD86A /* About_Controller.xib */,
				595AE41917B1A1630095F511 /* Settings_Controller.xib */,
				59EF6C0A16BDDC57003A5129 /* PopupChart_ControllerViewController.xib */,
				5928B52717A170F500B68068 /* Historical_Controller.xib */,
				59745E7B17B29E2A001F4642 /* Graph_Controller.xib */,
			);
			name = Views;
			sourceTree = "<group>";
		};
		59DE696D16BD52AB005060F7 /* Images */ = {
			isa = PBXGroup;
			children = (
				5910EDD316E8DCD00031656B /* cold.png */,
				598B27AF16E63DE10073A7FF /* rain.png */,
				59A595E616DBC70F00C3A311 /* tab_cloud.png */,
				59A595E416DBC68500C3A311 /* tab_about.png */,
				59A595DE16DBC50B00C3A311 /* tab_settings.png */,
				59AFA25E16D98646000E8EA6 /* bg_about.png */,
				59AFA25C16D98590000E8EA6 /* bg_clouds.png */,
				59AFA26216DA5EF8000E8EA6 /* arrow_up.png */,
				59AFA26416DA5F75000E8EA6 /* arrow_down.png */,
			);
			name = Images;
			sourceTree = "<group>";
		};
		59DE698016BD68EA005060F7 /* Controllers */ = {
			isa = PBXGroup;
			children = (
				59A265FD16BAB6D4004FD86A /* CurrentWeather_Controller.h */,
				59A265FE16BAB6D4004FD86A /* CurrentWeather_Controller.m */,
				59A2660416BAB6D4004FD86A /* About_Controller.h */,
				59A2660516BAB6D4004FD86A /* About_Controller.m */,
				59C4218116DA972D00491C53 /* Settings_Controller.h */,
				59C4218216DA972D00491C53 /* Settings_Controller.m */,
				5928B52517A170F500B68068 /* Historical_Controller.h */,
				5928B52617A170F500B68068 /* Historical_Controller.m */,
				59745E7917B29E2A001F4642 /* Graph_Controller.h */,
				59745E7A17B29E2A001F4642 /* Graph_Controller.m */,
			);
			name = Controllers;
			sourceTree = "<group>";
		};
/* End PBXGroup section */

/* Begin PBXNativeTarget section */
		59A265E116BAB6D4004FD86A /* DTG_Weather */ = {
			isa = PBXNativeTarget;
			buildConfigurationList = 59A2661316BAB6D4004FD86A /* Build configuration list for PBXNativeTarget "DTG_Weather" */;
			buildPhases = (
				59A265DE16BAB6D4004FD86A /* Sources */,
				59A265DF16BAB6D4004FD86A /* Frameworks */,
				59A265E016BAB6D4004FD86A /* Resources */,
			);
			buildRules = (
			);
			dependencies = (
			);
			name = DTG_Weather;
			productName = DTG_Weather;
			productReference = 59A265E216BAB6D4004FD86A /* DTG Weather.app */;
			productType = "com.apple.product-type.application";
		};
/* End PBXNativeTarget section */

/* Begin PBXProject section */
		59A265DA16BAB6D4004FD86A /* Project object */ = {
			isa = PBXProject;
			attributes = {
				LastUpgradeCheck = 0460;
				ORGANIZATIONNAME = "James Snee";
			};
			buildConfigurationList = 59A265DD16BAB6D4004FD86A /* Build configuration list for PBXProject "DTG_Weather" */;
			compatibilityVersion = "Xcode 3.2";
			developmentRegion = English;
			hasScannedForEncodings = 0;
			knownRegions = (
				en,
			);
			mainGroup = 59A265D916BAB6D4004FD86A;
			productRefGroup = 59A265E316BAB6D4004FD86A /* Products */;
			projectDirPath = "";
			projectRoot = "";
			targets = (
				59A265E116BAB6D4004FD86A /* DTG_Weather */,
			);
		};
/* End PBXProject section */

/* Begin PBXResourcesBuildPhase section */
		59A265E016BAB6D4004FD86A /* Resources */ = {
			isa = PBXResourcesBuildPhase;
			buildActionMask = 2147483647;
			files = (
				59A265F016BAB6D4004FD86A /* InfoPlist.strings in Resources */,
				59A2660D16BAB6D4004FD86A /* CurrentWeather_Controller.xib in Resources */,
				59A2661016BAB6D4004FD86A /* About_Controller.xib in Resources */,
				59EF6C0C16BDDC57003A5129 /* PopupChart_ControllerViewController.xib in Resources */,
				59AFA25D16D98590000E8EA6 /* bg_clouds.png in Resources */,
				59AFA25F16D98646000E8EA6 /* bg_about.png in Resources */,
				59AFA26316DA5EF8000E8EA6 /* arrow_up.png in Resources */,
				59AFA26516DA5F75000E8EA6 /* arrow_down.png in Resources */,
				59A595DF16DBC50B00C3A311 /* tab_settings.png in Resources */,
				59A595E516DBC68500C3A311 /* tab_about.png in Resources */,
				59A595E716DBC70F00C3A311 /* tab_cloud.png in Resources */,
				597B846916DC2C3F0062AC2E /* icon.png in Resources */,
				597B846B16DC2C420062AC2E /* icon@2x.png in Resources */,
				598B27B016E63DE10073A7FF /* rain.png in Resources */,
				5910EDD416E8DCD00031656B /* cold.png in Resources */,
				5928B52017A167C600B68068 /* Default.png in Resources */,
				5928B52217A167C900B68068 /* Default@2x.png in Resources */,
				5928B52417A167CB00B68068 /* Default-568h@2x.png in Resources */,
				5928B52917A170F500B68068 /* Historical_Controller.xib in Resources */,
				595AE41A17B1A1630095F511 /* Settings_Controller.xib in Resources */,
				59745E7D17B29E2A001F4642 /* Graph_Controller.xib in Resources */,
			);
			runOnlyForDeploymentPostprocessing = 0;
		};
/* End PBXResourcesBuildPhase section */

/* Begin PBXSourcesBuildPhase section */
		59A265DE16BAB6D4004FD86A /* Sources */ = {
			isa = PBXSourcesBuildPhase;
			buildActionMask = 2147483647;
			files = (
				59A265F216BAB6D4004FD86A /* main.m in Sources */,
				59A265F616BAB6D4004FD86A /* AppDelegate.m in Sources */,
				59A265FF16BAB6D4004FD86A /* CurrentWeather_Controller.m in Sources */,
				59A2660616BAB6D4004FD86A /* About_Controller.m in Sources */,
				59A2661E16BAB822004FD86A /* Weather.m in Sources */,
				59A2662116BAB9DE004FD86A /* DTG_WeatherStation.m in Sources */,
				59C4218416DA972D00491C53 /* Settings_Controller.m in Sources */,
				5928B52817A170F500B68068 /* Historical_Controller.m in Sources */,
				595AE40517B19DB50095F511 /* FUIAlertView.m in Sources */,
				595AE40617B19DB50095F511 /* FUIButton.m in Sources */,
				595AE40717B19DB50095F511 /* FUICellBackgroundView.m in Sources */,
				595AE40817B19DB50095F511 /* FUIPopoverBackgroundView.m in Sources */,
				595AE40917B19DB50095F511 /* FUISegmentedControl.m in Sources */,
				595AE40A17B19DB50095F511 /* FUISwitch.m in Sources */,
				595AE40B17B19DB50095F511 /* UIBarButtonItem+FlatUI.m in Sources */,
				595AE40C17B19DB50095F511 /* UIColor+FlatUI.m in Sources */,
				595AE40D17B19DB50095F511 /* UIFont+FlatUI.m in Sources */,
				595AE40E17B19DB50095F511 /* UIImage+FlatUI.m in Sources */,
				595AE40F17B19DB50095F511 /* UINavigationBar+FlatUI.m in Sources */,
				595AE41017B19DB50095F511 /* UIPopoverController+FlatUI.m in Sources */,
				595AE41117B19DB50095F511 /* UIProgressView+FlatUI.m in Sources */,
				595AE41217B19DB50095F511 /* UISlider+FlatUI.m in Sources */,
				595AE41317B19DB50095F511 /* UIStepper+FlatUI.m in Sources */,
				595AE41417B19DB50095F511 /* UITabBar+FlatUI.m in Sources */,
				595AE41517B19DB50095F511 /* UITableViewCell+FlatUI.m in Sources */,
				595AE41617B19DB50095F511 /* UIToolbar+FlatUI.m in Sources */,
				59745E7C17B29E2A001F4642 /* Graph_Controller.m in Sources */,
			);
			runOnlyForDeploymentPostprocessing = 0;
		};
/* End PBXSourcesBuildPhase section */

/* Begin PBXVariantGroup section */
		59A265EE16BAB6D4004FD86A /* InfoPlist.strings */ = {
			isa = PBXVariantGroup;
			children = (
				59A265EF16BAB6D4004FD86A /* en */,
			);
			name = InfoPlist.strings;
			sourceTree = "<group>";
		};
		59A2660B16BAB6D4004FD86A /* CurrentWeather_Controller.xib */ = {
			isa = PBXVariantGroup;
			children = (
				59A2660C16BAB6D4004FD86A /* en */,
			);
			name = CurrentWeather_Controller.xib;
			sourceTree = "<group>";
		};
		59A2660E16BAB6D4004FD86A /* About_Controller.xib */ = {
			isa = PBXVariantGroup;
			children = (
				59A2660F16BAB6D4004FD86A /* en */,
			);
			name = About_Controller.xib;
			sourceTree = "<group>";
		};
/* End PBXVariantGroup section */

/* Begin XCBuildConfiguration section */
		59A2661116BAB6D4004FD86A /* Debug */ = {
			isa = XCBuildConfiguration;
			buildSettings = {
				ALWAYS_SEARCH_USER_PATHS = NO;
				CLANG_CXX_LANGUAGE_STANDARD = "gnu++0x";
				CLANG_CXX_LIBRARY = "libc++";
				CLANG_ENABLE_OBJC_ARC = YES;
				CLANG_WARN_CONSTANT_CONVERSION = YES;
				CLANG_WARN_EMPTY_BODY = YES;
				CLANG_WARN_ENUM_CONVERSION = YES;
				CLANG_WARN_INT_CONVERSION = YES;
				CLANG_WARN__DUPLICATE_METHOD_MATCH = YES;
				CODE_SIGN_IDENTITY = "iPhone Developer";
				"CODE_SIGN_IDENTITY[sdk=iphoneos*]" = "iPhone Developer";
				COPY_PHASE_STRIP = NO;
				GCC_C_LANGUAGE_STANDARD = gnu99;
				GCC_DYNAMIC_NO_PIC = NO;
				GCC_OPTIMIZATION_LEVEL = 0;
				GCC_PREPROCESSOR_DEFINITIONS = (
					"DEBUG=1",
					"$(inherited)",
				);
				GCC_SYMBOLS_PRIVATE_EXTERN = NO;
				GCC_WARN_ABOUT_RETURN_TYPE = YES;
				GCC_WARN_UNINITIALIZED_AUTOS = YES;
				GCC_WARN_UNUSED_VARIABLE = YES;
				IPHONEOS_DEPLOYMENT_TARGET = 6.1;
				ONLY_ACTIVE_ARCH = YES;
				PROVISIONING_PROFILE = "";
				"PROVISIONING_PROFILE[sdk=iphoneos*]" = "";
				SDKROOT = iphoneos;
			};
			name = Debug;
		};
		59A2661216BAB6D4004FD86A /* Release */ = {
			isa = XCBuildConfiguration;
			buildSettings = {
				ALWAYS_SEARCH_USER_PATHS = NO;
				CLANG_CXX_LANGUAGE_STANDARD = "gnu++0x";
				CLANG_CXX_LIBRARY = "libc++";
				CLANG_ENABLE_OBJC_ARC = YES;
				CLANG_WARN_CONSTANT_CONVERSION = YES;
				CLANG_WARN_EMPTY_BODY = YES;
				CLANG_WARN_ENUM_CONVERSION = YES;
				CLANG_WARN_INT_CONVERSION = YES;
				CLANG_WARN__DUPLICATE_METHOD_MATCH = YES;
				CODE_SIGN_IDENTITY = "iPhone Developer";
				"CODE_SIGN_IDENTITY[sdk=iphoneos*]" = "iPhone Developer";
				COPY_PHASE_STRIP = YES;
				GCC_C_LANGUAGE_STANDARD = gnu99;
				GCC_WARN_ABOUT_RETURN_TYPE = YES;
				GCC_WARN_UNINITIALIZED_AUTOS = YES;
				GCC_WARN_UNUSED_VARIABLE = YES;
				IPHONEOS_DEPLOYMENT_TARGET = 6.1;
				OTHER_CFLAGS = "-DNS_BLOCK_ASSERTIONS=1";
				PRODUCT_NAME = "DTG Weather";
				PROVISIONING_PROFILE = "";
				"PROVISIONING_PROFILE[sdk=iphoneos*]" = "";
				SDKROOT = iphoneos;
				VALIDATE_PRODUCT = YES;
			};
			name = Release;
		};
		59A2661416BAB6D4004FD86A /* Debug */ = {
			isa = XCBuildConfiguration;
			buildSettings = {
				CODE_SIGN_IDENTITY = "iPhone Distribution: James Snee";
				"CODE_SIGN_IDENTITY[sdk=iphoneos*]" = "iPhone Distribution: James Snee";
				GCC_PRECOMPILE_PREFIX_HEADER = YES;
				GCC_PREFIX_HEADER = "DTG_Weather/DTG_Weather-Prefix.pch";
				INFOPLIST_FILE = "DTG_Weather/DTG_Weather-Info.plist";
				LIBRARY_SEARCH_PATHS = (
					"$(inherited)",
					"\"$(SRCROOT)/DTG_Weather\"",
				);
				OTHER_LDFLAGS = "-ObjC";
				PRODUCT_NAME = "DTG Weather";
				PROVISIONING_PROFILE = "518BD2C4-2C24-4649-853D-695AA7A63268";
				"PROVISIONING_PROFILE[sdk=iphoneos*]" = "518BD2C4-2C24-4649-853D-695AA7A63268";
				WRAPPER_EXTENSION = app;
			};
			name = Debug;
		};
		59A2661516BAB6D4004FD86A /* Release */ = {
			isa = XCBuildConfiguration;
			buildSettings = {
				CODE_SIGN_IDENTITY = "iPhone Distribution: James Snee";
				"CODE_SIGN_IDENTITY[sdk=iphoneos*]" = "iPhone Distribution: James Snee";
				GCC_PRECOMPILE_PREFIX_HEADER = YES;
				GCC_PREFIX_HEADER = "DTG_Weather/DTG_Weather-Prefix.pch";
				INFOPLIST_FILE = "DTG_Weather/DTG_Weather-Info.plist";
				LIBRARY_SEARCH_PATHS = (
					"$(inherited)",
					"\"$(SRCROOT)/DTG_Weather\"",
				);
				OTHER_LDFLAGS = "-ObjC";
				PRODUCT_NAME = "DTG Weather";
				PROVISIONING_PROFILE = "518BD2C4-2C24-4649-853D-695AA7A63268";
				"PROVISIONING_PROFILE[sdk=iphoneos*]" = "518BD2C4-2C24-4649-853D-695AA7A63268";
				WRAPPER_EXTENSION = app;
			};
			name = Release;
		};
/* End XCBuildConfiguration section */

/* Begin XCConfigurationList section */
		59A265DD16BAB6D4004FD86A /* Build configuration list for PBXProject "DTG_Weather" */ = {
			isa = XCConfigurationList;
			buildConfigurations = (
				59A2661116BAB6D4004FD86A /* Debug */,
				59A2661216BAB6D4004FD86A /* Release */,
			);
			defaultConfigurationIsVisible = 0;
			defaultConfigurationName = Release;
		};
		59A2661316BAB6D4004FD86A /* Build configuration list for PBXNativeTarget "DTG_Weather" */ = {
			isa = XCConfigurationList;
			buildConfigurations = (
				59A2661416BAB6D4004FD86A /* Debug */,
				59A2661516BAB6D4004FD86A /* Release */,
			);
			defaultConfigurationIsVisible = 0;
			defaultConfigurationName = Release;
		};
/* End XCConfigurationList section */
	};
	rootObject = 59A265DA16BAB6D4004FD86A /* Project object */;
}
